
Microsoft Visual Studio Solution File, Format Version 12.00
# Visual Studio Version 17
VisualStudioVersion = 17.5.002.0
MinimumVisualStudioVersion = 10.0.40219.1
Project("{9A19103F-16F7-4668-BE54-9A1E7A4F7556}") = "InstagramPars", "InstagramPars.csproj", "{AF062688-E998-4EF3-8CE4-EB2B011070B7}"
EndProject
Global
	GlobalSection(SolutionConfigurationPlatforms) = preSolution
		Debug|Any CPU = Debug|Any CPU
		Release|Any CPU = Release|Any CPU
	EndGlobalSection
	GlobalSection(ProjectConfigurationPlatforms) = postSolution
		{AF062688-E998-4EF3-8CE4-EB2B011070B7}.Debug|Any CPU.ActiveCfg = Debug|Any CPU
		{AF062688-E998-4EF3-8CE4-EB2B011070B7}.Debug|Any CPU.Build.0 = Debug|Any CPU
		{AF062688-E998-4EF3-8CE4-EB2B011070B7}.Release|Any CPU.ActiveCfg = Release|Any CPU
		{AF062688-E998-4EF3-8CE4-EB2B011070B7}.Release|Any CPU.Build.0 = Release|Any CPU
	EndGlobalSection
	GlobalSection(SolutionProperties) = preSolution
		HideSolutionNode = FALSE
	EndGlobalSection
	GlobalSection(ExtensibilityGlobals) = postSolution
		SolutionGuid = {2C3D3BD8-9109-4BF9-A5BB-19A75D179975}
	EndGlobalSection
EndGlobal
